// !$*UTF8*$!
{
	archiveVersion = 1;
	classes = {
	};
	objectVersion = 50;
	objects = {

/* Begin PBXBuildFile section */
		D452D73B25E39B4F00CB642C /* AppDelegate.swift in Sources */ = {isa = PBXBuildFile; fileRef = D452D73A25E39B4F00CB642C /* AppDelegate.swift */; };
		D452D73D25E39B4F00CB642C /* SceneDelegate.swift in Sources */ = {isa = PBXBuildFile; fileRef = D452D73C25E39B4F00CB642C /* SceneDelegate.swift */; };
		D452D73F25E39B4F00CB642C /* VpnViewController.swift in Sources */ = {isa = PBXBuildFile; fileRef = D452D73E25E39B4F00CB642C /* VpnViewController.swift */; };
		D452D74225E39B4F00CB642C /* Main.storyboard in Resources */ = {isa = PBXBuildFile; fileRef = D452D74025E39B4F00CB642C /* Main.storyboard */; };
		D452D74425E39B5100CB642C /* Assets.xcassets in Resources */ = {isa = PBXBuildFile; fileRef = D452D74325E39B5100CB642C /* Assets.xcassets */; };
		D452D74725E39B5100CB642C /* LaunchScreen.storyboard in Resources */ = {isa = PBXBuildFile; fileRef = D452D74525E39B5100CB642C /* LaunchScreen.storyboard */; };
		D452D74F25E39FFA00CB642C /* CountriesPickerTableViewController.swift in Sources */ = {isa = PBXBuildFile; fileRef = D452D74E25E39FFA00CB642C /* CountriesPickerTableViewController.swift */; };
		D452D75125E3A00600CB642C /* CountryModel.swift in Sources */ = {isa = PBXBuildFile; fileRef = D452D75025E3A00600CB642C /* CountryModel.swift */; };
/* End PBXBuildFile section */

/* Begin PBXFileReference section */
		D452D73725E39B4F00CB642C /* VPN_Test_App.app */ = {isa = PBXFileReference; explicitFileType = wrapper.application; includeInIndex = 0; path = VPN_Test_App.app; sourceTree = BUILT_PRODUCTS_DIR; };
		D452D73A25E39B4F00CB642C /* AppDelegate.swift */ = {isa = PBXFileReference; lastKnownFileType = sourcecode.swift; path = AppDelegate.swift; sourceTree = "<group>"; };
		D452D73C25E39B4F00CB642C /* SceneDelegate.swift */ = {isa = PBXFileReference; lastKnownFileType = sourcecode.swift; path = SceneDelegate.swift; sourceTree = "<group>"; };
		D452D73E25E39B4F00CB642C /* VpnViewController.swift */ = {isa = PBXFileReference; lastKnownFileType = sourcecode.swift; path = VpnViewController.swift; sourceTree = "<group>"; };
		D452D74125E39B4F00CB642C /* Base */ = {isa = PBXFileReference; lastKnownFileType = file.storyboard; name = Base; path = Base.lproj/Main.storyboard; sourceTree = "<group>"; };
		D452D74325E39B5100CB642C /* Assets.xcassets */ = {isa = PBXFileReference; lastKnownFileType = folder.assetcatalog; path = Assets.xcassets; sourceTree = "<group>"; };
		D452D74625E39B5100CB642C /* Base */ = {isa = PBXFileReference; lastKnownFileType = file.storyboard; name = Base; path = Base.lproj/LaunchScreen.storyboard; sourceTree = "<group>"; };
		D452D74825E39B5100CB642C /* Info.plist */ = {isa = PBXFileReference; lastKnownFileType = text.plist.xml; path = Info.plist; sourceTree = "<group>"; };
		D452D74E25E39FFA00CB642C /* CountriesPickerTableViewController.swift */ = {isa = PBXFileReference; lastKnownFileType = sourcecode.swift; path = CountriesPickerTableViewController.swift; sourceTree = "<group>"; };
		D452D75025E3A00600CB642C /* CountryModel.swift */ = {isa = PBXFileReference; lastKnownFileType = sourcecode.swift; path = CountryModel.swift; sourceTree = "<group>"; };
/* End PBXFileReference section */

/* Begin PBXFrameworksBuildPhase section */
		D452D73425E39B4F00CB642C /* Frameworks */ = {
			isa = PBXFrameworksBuildPhase;
			buildActionMask = 2147483647;
			files = (
			);
			runOnlyForDeploymentPostprocessing = 0;
		};
/* End PBXFrameworksBuildPhase section */

/* Begin PBXGroup section */
		D452D72E25E39B4F00CB642C = {
			isa = PBXGroup;
			children = (
				D452D73925E39B4F00CB642C /* VPN_Test_App */,
				D452D73825E39B4F00CB642C /* Products */,
			);
			sourceTree = "<group>";
		};
		D452D73825E39B4F00CB642C /* Products */ = {
			isa = PBXGroup;
			children = (
				D452D73725E39B4F00CB642C /* VPN_Test_App.app */,
			);
			name = Products;
			sourceTree = "<group>";
		};
		D452D73925E39B4F00CB642C /* VPN_Test_App */ = {
			isa = PBXGroup;
			children = (
				D452D73A25E39B4F00CB642C /* AppDelegate.swift */,
				D452D73C25E39B4F00CB642C /* SceneDelegate.swift */,
				D452D73E25E39B4F00CB642C /* VpnViewController.swift */,
				D452D74E25E39FFA00CB642C /* CountriesPickerTableViewController.swift */,
				D452D75025E3A00600CB642C /* CountryModel.swift */,
				D452D74025E39B4F00CB642C /* Main.storyboard */,
				D452D74325E39B5100CB642C /* Assets.xcassets */,
				D452D74525E39B5100CB642C /* LaunchScreen.storyboard */,
				D452D74825E39B5100CB642C /* Info.plist */,
			);
			path = VPN_Test_App;
			sourceTree = "<group>";
		};
/* End PBXGroup section */

/* Begin PBXNativeTarget section */
		D452D73625E39B4F00CB642C /* VPN_Test_App */ = {
			isa = PBXNativeTarget;
			buildConfigurationList = D452D74B25E39B5100CB642C /* Build configuration list for PBXNativeTarget "VPN_Test_App" */;
			buildPhases = (
				D452D73325E39B4F00CB642C /* Sources */,
				D452D73425E39B4F00CB642C /* Frameworks */,
				D452D73525E39B4F00CB642C /* Resources */,
			);
			buildRules = (
			);
			dependencies = (
			);
			name = VPN_Test_App;
			productName = VPN_Test_App;
			productReference = D452D73725E39B4F00CB642C /* VPN_Test_App.app */;
			productType = "com.apple.product-type.application";
		};
/* End PBXNativeTarget section */

/* Begin PBXProject section */
		D452D72F25E39B4F00CB642C /* Project object */ = {
			isa = PBXProject;
			attributes = {
				LastSwiftUpdateCheck = 1130;
				LastUpgradeCheck = 1130;
				ORGANIZATIONNAME = Philip;
				TargetAttributes = {
					D452D73625E39B4F00CB642C = {
						CreatedOnToolsVersion = 11.3.1;
					};
				};
			};
			buildConfigurationList = D452D73225E39B4F00CB642C /* Build configuration list for PBXProject "VPN_Test_App" */;
			compatibilityVersion = "Xcode 9.3";
			developmentRegion = en;
			hasScannedForEncodings = 0;
			knownRegions = (
				en,
				Base,
			);
			mainGroup = D452D72E25E39B4F00CB642C;
			productRefGroup = D452D73825E39B4F00CB642C /* Products */;
			projectDirPath = "";
			projectRoot = "";
			targets = (
				D452D73625E39B4F00CB642C /* VPN_Test_App */,
			);
		};
/* End PBXProject section */

/* Begin PBXResourcesBuildPhase section */
		D452D73525E39B4F00CB642C /* Resources */ = {
			isa = PBXResourcesBuildPhase;
			buildActionMask = 2147483647;
			files = (
				D452D74725E39B5100CB642C /* LaunchScreen.storyboard in Resources */,
				D452D74425E39B5100CB642C /* Assets.xcassets in Resources */,
				D452D74225E39B4F00CB642C /* Main.storyboard in Resources */,
			);
			runOnlyForDeploymentPostprocessing = 0;
		};
/* End PBXResourcesBuildPhase section */

/* Begin PBXSourcesBuildPhase section */
		D452D73325E39B4F00CB642C /* Sources */ = {
			isa = PBXSourcesBuildPhase;
			buildActionMask = 2147483647;
			files = (
				D452D74F25E39FFA00CB642C /* CountriesPickerTableViewController.swift in Sources */,
				D452D73F25E39B4F00CB642C /* VpnViewController.swift in Sources */,
				D452D73B25E39B4F00CB642C /* AppDelegate.swift in Sources */,
				D452D73D25E39B4F00CB642C /* SceneDelegate.swift in Sources */,
				D452D75125E3A00600CB642C /* CountryModel.swift in Sources */,
			);
			runOnlyForDeploymentPostprocessing = 0;
		};
/* End PBXSourcesBuildPhase section */

/* Begin PBXVariantGroup section */
		D452D74025E39B4F00CB642C /* Main.storyboard */ = {
			isa = PBXVariantGroup;
			children = (
				D452D74125E39B4F00CB642C /* Base */,
			);
			name = Main.storyboard;
			sourceTree = "<group>";
		};
		D452D74525E39B5100CB642C /* LaunchScreen.storyboard */ = {
			isa = PBXVariantGroup;
			children = (
				D452D74625E39B5100CB642C /* Base */,
			);
			name = LaunchScreen.storyboard;
			sourceTree = "<group>";
		};
/* End PBXVariantGroup section */

/* Begin XCBuildConfiguration section */
		D452D74925E39B5100CB642C /* Debug */ = {
			isa = XCBuildConfiguration;
			buildSettings = {
				ALWAYS_SEARCH_USER_PATHS = NO;
				CLANG_ANALYZER_NONNULL = YES;
				CLANG_ANALYZER_NUMBER_OBJECT_CONVERSION = YES_AGGRESSIVE;
				CLANG_CXX_LANGUAGE_STANDARD = "gnu++14";
				CLANG_CXX_LIBRARY = "libc++";
				CLANG_ENABLE_MODULES = YES;
				CLANG_ENABLE_OBJC_ARC = YES;
				CLANG_ENABLE_OBJC_WEAK = YES;
				CLANG_WARN_BLOCK_CAPTURE_AUTORELEASING = YES;
				CLANG_WARN_BOOL_CONVERSION = YES;
				CLANG_WARN_COMMA = YES;
				CLANG_WARN_CONSTANT_CONVERSION = YES;
				CLANG_WARN_DEPRECATED_OBJC_IMPLEMENTATIONS = YES;
				CLANG_WARN_DIRECT_OBJC_ISA_USAGE = YES_ERROR;
				CLANG_WARN_DOCUMENTATION_COMMENTS = YES;
				CLANG_WARN_EMPTY_BODY = YES;
				CLANG_WARN_ENUM_CONVERSION = YES;
				CLANG_WARN_INFINITE_RECURSION = YES;
				CLANG_WARN_INT_CONVERSION = YES;
				CLANG_WARN_NON_LITERAL_NULL_CONVERSION = YES;
				CLANG_WARN_OBJC_IMPLICIT_RETAIN_SELF = YES;
				CLANG_WARN_OBJC_LITERAL_CONVERSION = YES;
				CLANG_WARN_OBJC_ROOT_CLASS = YES_ERROR;
				CLANG_WARN_RANGE_LOOP_ANALYSIS = YES;
				CLANG_WARN_STRICT_PROTOTYPES = YES;
				CLANG_WARN_SUSPICIOUS_MOVE = YES;
				CLANG_WARN_UNGUARDED_AVAILABILITY = YES_AGGRESSIVE;
				CLANG_WARN_UNREACHABLE_CODE = YES;
				CLANG_WARN__DUPLICATE_METHOD_MATCH = YES;
				COPY_PHASE_STRIP = NO;
				DEBUG_INFORMATION_FORMAT = dwarf;
				ENABLE_STRICT_OBJC_MSGSEND = YES;
				ENABLE_TESTABILITY = YES;
				GCC_C_LANGUAGE_STANDARD = gnu11;
				GCC_DYNAMIC_NO_PIC = NO;
				GCC_NO_COMMON_BLOCKS = YES;
				GCC_OPTIMIZATION_LEVEL = 0;
				GCC_PREPROCESSOR_DEFINITIONS = (
					"DEBUG=1",
					"$(inherited)",
				);
				GCC_WARN_64_TO_32_BIT_CONVERSION = YES;
				GCC_WARN_ABOUT_RETURN_TYPE = YES_ERROR;
				GCC_WARN_UNDECLARED_SELECTOR = YES;
				GCC_WARN_UNINITIALIZED_AUTOS = YES_AGGRESSIVE;
				GCC_WARN_UNUSED_FUNCTION = YES;
				GCC_WARN_UNUSED_VARIABLE = YES;
				IPHONEOS_DEPLOYMENT_TARGET = 13.2;
				MTL_ENABLE_DEBUG_INFO = INCLUDE_SOURCE;
				MTL_FAST_MATH = YES;
				ONLY_ACTIVE_ARCH = YES;
				SDKROOT = iphoneos;
				SWIFT_ACTIVE_COMPILATION_CONDITIONS = DEBUG;
				SWIFT_OPTIMIZATION_LEVEL = "-Onone";
			};
			name = Debug;
		};
		D452D74A25E39B5100CB642C /* Release */ = {
			isa = XCBuildConfiguration;
			buildSettings = {
				ALWAYS_SEARCH_USER_PATHS = NO;
				CLANG_ANALYZER_NONNULL = YES;
				CLANG_ANALYZER_NUMBER_OBJECT_CONVERSION = YES_AGGRESSIVE;
				CLANG_CXX_LANGUAGE_STANDARD = "gnu++14";
				CLANG_CXX_LIBRARY = "libc++";
				CLANG_ENABLE_MODULES = YES;
				CLANG_ENABLE_OBJC_ARC = YES;
				CLANG_ENABLE_OBJC_WEAK = YES;
				CLANG_WARN_BLOCK_CAPTURE_AUTORELEASING = YES;
				CLANG_WARN_BOOL_CONVERSION = YES;
				CLANG_WARN_COMMA = YES;
				CLANG_WARN_CONSTANT_CONVERSION = YES;
				CLANG_WARN_DEPRECATED_OBJC_IMPLEMENTATIONS = YES;
				CLANG_WARN_DIRECT_OBJC_ISA_USAGE = YES_ERROR;
				CLANG_WARN_DOCUMENTATION_COMMENTS = YES;
				CLANG_WARN_EMPTY_BODY = YES;
				CLANG_WARN_ENUM_CONVERSION = YES;
				CLANG_WARN_INFINITE_RECURSION = YES;
				CLANG_WARN_INT_CONVERSION = YES;
				CLANG_WARN_NON_LITERAL_NULL_CONVERSION = YES;
				CLANG_WARN_OBJC_IMPLICIT_RETAIN_SELF = YES;
				CLANG_WARN_OBJC_LITERAL_CONVERSION = YES;
				CLANG_WARN_OBJC_ROOT_CLASS = YES_ERROR;
				CLANG_WARN_RANGE_LOOP_ANALYSIS = YES;
				CLANG_WARN_STRICT_PROTOTYPES = YES;
				CLANG_WARN_SUSPICIOUS_MOVE = YES;
				CLANG_WARN_UNGUARDED_AVAILABILITY = YES_AGGRESSIVE;
				CLANG_WARN_UNREACHABLE_CODE = YES;
				CLANG_WARN__DUPLICATE_METHOD_MATCH = YES;
				COPY_PHASE_STRIP = NO;
				DEBUG_INFORMATION_FORMAT = "dwarf-with-dsym";
				ENABLE_NS_ASSERTIONS = NO;
				ENABLE_STRICT_OBJC_MSGSEND = YES;
				GCC_C_LANGUAGE_STANDARD = gnu11;
				GCC_NO_COMMON_BLOCKS = YES;
				GCC_WARN_64_TO_32_BIT_CONVERSION = YES;
				GCC_WARN_ABOUT_RETURN_TYPE = YES_ERROR;
				GCC_WARN_UNDECLARED_SELECTOR = YES;
				GCC_WARN_UNINITIALIZED_AUTOS = YES_AGGRESSIVE;
				GCC_WARN_UNUSED_FUNCTION = YES;
				GCC_WARN_UNUSED_VARIABLE = YES;
				IPHONEOS_DEPLOYMENT_TARGET = 13.2;
				MTL_ENABLE_DEBUG_INFO = NO;
				MTL_FAST_MATH = YES;
				SDKROOT = iphoneos;
				SWIFT_COMPILATION_MODE = wholemodule;
				SWIFT_OPTIMIZATION_LEVEL = "-O";
				VALIDATE_PRODUCT = YES;
			};
			name = Release;
		};
		D452D74C25E39B5100CB642C /* Debug */ = {
			isa = XCBuildConfiguration;
			buildSettings = {
				ASSETCATALOG_COMPILER_APPICON_NAME = AppIcon;
				CODE_SIGN_STYLE = Automatic;
				INFOPLIST_FILE = VPN_Test_App/Info.plist;
				LD_RUNPATH_SEARCH_PATHS = (
					"$(inherited)",
					"@executable_path/Frameworks",
				);
				PRODUCT_BUNDLE_IDENTIFIER = "com.com.VPN-Test-App";
				PRODUCT_NAME = "$(TARGET_NAME)";
				SWIFT_VERSION = 5.0;
				TARGETED_DEVICE_FAMILY = "1,2";
			};
			name = Debug;
		};
		D452D74D25E39B5100CB642C /* Release */ = {
			isa = XCBuildConfiguration;
			buildSettings = {
				ASSETCATALOG_COMPILER_APPICON_NAME = AppIcon;
				CODE_SIGN_STYLE = Automatic;
				INFOPLIST_FILE = VPN_Test_App/Info.plist;
				LD_RUNPATH_SEARCH_PATHS = (
					"$(inherited)",
					"@executable_path/Frameworks",
				);
				PRODUCT_BUNDLE_IDENTIFIER = "com.com.VPN-Test-App";
				PRODUCT_NAME = "$(TARGET_NAME)";
				SWIFT_VERSION = 5.0;
				TARGETED_DEVICE_FAMILY = "1,2";
			};
			name = Release;
		};
/* End XCBuildConfiguration section */

/* Begin XCConfigurationList section */
		D452D73225E39B4F00CB642C /* Build configuration list for PBXProject "VPN_Test_App" */ = {
			isa = XCConfigurationList;
			buildConfigurations = (
				D452D74925E39B5100CB642C /* Debug */,
				D452D74A25E39B5100CB642C /* Release */,
			);
			defaultConfigurationIsVisible = 0;
			defaultConfigurationName = Release;
		};
		D452D74B25E39B5100CB642C /* Build configuration list for PBXNativeTarget "VPN_Test_App" */ = {
			isa = XCConfigurationList;
			buildConfigurations = (
				D452D74C25E39B5100CB642C /* Debug */,
				D452D74D25E39B5100CB642C /* Release */,
			);
			defaultConfigurationIsVisible = 0;
			defaultConfigurationName = Release;
		};
/* End XCConfigurationList section */
	};
	rootObject = D452D72F25E39B4F00CB642C /* Project object */;
}
